
Microsoft Visual Studio Solution File, Format Version 12.00
# Visual Studio Version 17
VisualStudioVersion = 17.11.35312.102
MinimumVisualStudioVersion = 10.0.40219.1
Project("{FAE04EC0-301F-11D3-BF4B-00C04F79EFBC}") = "projecttyexammmmm", "projecttyexammmmm\projecttyexammmmm.csproj", "{5E44DD9C-76C7-4B91-9E0B-A6F9A195FD79}"
EndProject
Global
	GlobalSection(SolutionConfigurationPlatforms) = preSolution
		Debug|Any CPU = Debug|Any CPU
		Release|Any CPU = Release|Any CPU
	EndGlobalSection
	GlobalSection(ProjectConfigurationPlatforms) = postSolution
		{5E44DD9C-76C7-4B91-9E0B-A6F9A195FD79}.Debug|Any CPU.ActiveCfg = Debug|Any CPU
		{5E44DD9C-76C7-4B91-9E0B-A6F9A195FD79}.Debug|Any CPU.Build.0 = Debug|Any CPU
		{5E44DD9C-76C7-4B91-9E0B-A6F9A195FD79}.Release|Any CPU.ActiveCfg = Release|Any CPU
		{5E44DD9C-76C7-4B91-9E0B-A6F9A195FD79}.Release|Any CPU.Build.0 = Release|Any CPU
	EndGlobalSection
	GlobalSection(SolutionProperties) = preSolution
		HideSolutionNode = FALSE
	EndGlobalSection
	GlobalSection(ExtensibilityGlobals) = postSolution
		SolutionGuid = {C1D926D0-D61C-4B1A-85BB-2EB89C2CA07B}
	EndGlobalSection
EndGlobal
